// !$*UTF8*$!
{
	archiveVersion = 1;
	classes = {
	};
	objectVersion = 46;
	objects = {

/* Begin PBXBuildFile section */
		B0BA284B1AAE052F00220C1A /* PlaySoundsViewController.swift in Sources */ = {isa = PBXBuildFile; fileRef = B0BA284A1AAE052F00220C1A /* PlaySoundsViewController.swift */; };
		B0D204E01AAFC1AD005BEE81 /* RecordedAudio.swift in Sources */ = {isa = PBXBuildFile; fileRef = B0D204DF1AAFC1AD005BEE81 /* RecordedAudio.swift */; };
		B0DD8F8D1AAD09A50086DEE4 /* AppDelegate.swift in Sources */ = {isa = PBXBuildFile; fileRef = B0DD8F8C1AAD09A50086DEE4 /* AppDelegate.swift */; };
		B0DD8F8F1AAD09A50086DEE4 /* RecordSoundsViewController.swift in Sources */ = {isa = PBXBuildFile; fileRef = B0DD8F8E1AAD09A50086DEE4 /* RecordSoundsViewController.swift */; };
		B0DD8F921AAD09A50086DEE4 /* Main.storyboard in Resources */ = {isa = PBXBuildFile; fileRef = B0DD8F901AAD09A50086DEE4 /* Main.storyboard */; };
		B0DD8F941AAD09A50086DEE4 /* Images.xcassets in Resources */ = {isa = PBXBuildFile; fileRef = B0DD8F931AAD09A50086DEE4 /* Images.xcassets */; };
		B0DD8F971AAD09A50086DEE4 /* LaunchScreen.xib in Resources */ = {isa = PBXBuildFile; fileRef = B0DD8F951AAD09A50086DEE4 /* LaunchScreen.xib */; };
		B0DD8FA31AAD09A50086DEE4 /* Pitch_PerfectTests.swift in Sources */ = {isa = PBXBuildFile; fileRef = B0DD8FA21AAD09A50086DEE4 /* Pitch_PerfectTests.swift */; };
/* End PBXBuildFile section */

/* Begin PBXContainerItemProxy section */
		B0DD8F9D1AAD09A50086DEE4 /* PBXContainerItemProxy */ = {
			isa = PBXContainerItemProxy;
			containerPortal = B0DD8F7F1AAD09A50086DEE4 /* Project object */;
			proxyType = 1;
			remoteGlobalIDString = B0DD8F861AAD09A50086DEE4;
			remoteInfo = "Pitch Perfect";
		};
/* End PBXContainerItemProxy section */

/* Begin PBXFileReference section */
		B0BA284A1AAE052F00220C1A /* PlaySoundsViewController.swift */ = {isa = PBXFileReference; fileEncoding = 4; lastKnownFileType = sourcecode.swift; path = PlaySoundsViewController.swift; sourceTree = "<group>"; };
		B0D204DF1AAFC1AD005BEE81 /* RecordedAudio.swift */ = {isa = PBXFileReference; fileEncoding = 4; lastKnownFileType = sourcecode.swift; name = RecordedAudio.swift; path = ../RecordedAudio.swift; sourceTree = "<group>"; };
		B0DD8F871AAD09A50086DEE4 /* Pitch Perfect.app */ = {isa = PBXFileReference; explicitFileType = wrapper.application; includeInIndex = 0; path = "Pitch Perfect.app"; sourceTree = BUILT_PRODUCTS_DIR; };
		B0DD8F8B1AAD09A50086DEE4 /* Info.plist */ = {isa = PBXFileReference; lastKnownFileType = text.plist.xml; path = Info.plist; sourceTree = "<group>"; };
		B0DD8F8C1AAD09A50086DEE4 /* AppDelegate.swift */ = {isa = PBXFileReference; lastKnownFileType = sourcecode.swift; path = AppDelegate.swift; sourceTree = "<group>"; };
		B0DD8F8E1AAD09A50086DEE4 /* RecordSoundsViewController.swift */ = {isa = PBXFileReference; lastKnownFileType = sourcecode.swift; path = RecordSoundsViewController.swift; sourceTree = "<group>"; };
		B0DD8F911AAD09A50086DEE4 /* Base */ = {isa = PBXFileReference; lastKnownFileType = file.storyboard; name = Base; path = Base.lproj/Main.storyboard; sourceTree = "<group>"; };
		B0DD8F931AAD09A50086DEE4 /* Images.xcassets */ = {isa = PBXFileReference; lastKnownFileType = folder.assetcatalog; path = Images.xcassets; sourceTree = "<group>"; };
		B0DD8F961AAD09A50086DEE4 /* Base */ = {isa = PBXFileReference; lastKnownFileType = file.xib; name = Base; path = Base.lproj/LaunchScreen.xib; sourceTree = "<group>"; };
		B0DD8F9C1AAD09A50086DEE4 /* Pitch PerfectTests.xctest */ = {isa = PBXFileReference; explicitFileType = wrapper.cfbundle; includeInIndex = 0; path = "Pitch PerfectTests.xctest"; sourceTree = BUILT_PRODUCTS_DIR; };
		B0DD8FA11AAD09A50086DEE4 /* Info.plist */ = {isa = PBXFileReference; lastKnownFileType = text.plist.xml; path = Info.plist; sourceTree = "<group>"; };
		B0DD8FA21AAD09A50086DEE4 /* Pitch_PerfectTests.swift */ = {isa = PBXFileReference; lastKnownFileType = sourcecode.swift; path = Pitch_PerfectTests.swift; sourceTree = "<group>"; };
/* End PBXFileReference section */

/* Begin PBXFrameworksBuildPhase section */
		B0DD8F841AAD09A50086DEE4 /* Frameworks */ = {
			isa = PBXFrameworksBuildPhase;
			buildActionMask = 2147483647;
			files = (
			);
			runOnlyForDeploymentPostprocessing = 0;
		};
		B0DD8F991AAD09A50086DEE4 /* Frameworks */ = {
			isa = PBXFrameworksBuildPhase;
			buildActionMask = 2147483647;
			files = (
			);
			runOnlyForDeploymentPostprocessing = 0;
		};
/* End PBXFrameworksBuildPhase section */

/* Begin PBXGroup section */
		B0DD8F7E1AAD09A50086DEE4 = {
			isa = PBXGroup;
			children = (
				B0DD8F891AAD09A50086DEE4 /* Pitch Perfect */,
				B0DD8F9F1AAD09A50086DEE4 /* Pitch PerfectTests */,
				B0DD8F881AAD09A50086DEE4 /* Products */,
			);
			sourceTree = "<group>";
		};
		B0DD8F881AAD09A50086DEE4 /* Products */ = {
			isa = PBXGroup;
			children = (
				B0DD8F871AAD09A50086DEE4 /* Pitch Perfect.app */,
				B0DD8F9C1AAD09A50086DEE4 /* Pitch PerfectTests.xctest */,
			);
			name = Products;
			sourceTree = "<group>";
		};
		B0DD8F891AAD09A50086DEE4 /* Pitch Perfect */ = {
			isa = PBXGroup;
			children = (
				B0D204DF1AAFC1AD005BEE81 /* RecordedAudio.swift */,
				B0DD8F8E1AAD09A50086DEE4 /* RecordSoundsViewController.swift */,
				B0DD8F901AAD09A50086DEE4 /* Main.storyboard */,
				B0BA284A1AAE052F00220C1A /* PlaySoundsViewController.swift */,
				B0DD8F8C1AAD09A50086DEE4 /* AppDelegate.swift */,
				B0DD8F8A1AAD09A50086DEE4 /* Supporting Files */,
			);
			path = "Pitch Perfect";
			sourceTree = "<group>";
		};
		B0DD8F8A1AAD09A50086DEE4 /* Supporting Files */ = {
			isa = PBXGroup;
			children = (
				B0DD8F931AAD09A50086DEE4 /* Images.xcassets */,
				B0DD8F951AAD09A50086DEE4 /* LaunchScreen.xib */,
				B0DD8F8B1AAD09A50086DEE4 /* Info.plist */,
			);
			name = "Supporting Files";
			sourceTree = "<group>";
		};
		B0DD8F9F1AAD09A50086DEE4 /* Pitch PerfectTests */ = {
			isa = PBXGroup;
			children = (
				B0DD8FA21AAD09A50086DEE4 /* Pitch_PerfectTests.swift */,
				B0DD8FA01AAD09A50086DEE4 /* Supporting Files */,
			);
			path = "Pitch PerfectTests";
			sourceTree = "<group>";
		};
		B0DD8FA01AAD09A50086DEE4 /* Supporting Files */ = {
			isa = PBXGroup;
			children = (
				B0DD8FA11AAD09A50086DEE4 /* Info.plist */,
			);
			name = "Supporting Files";
			sourceTree = "<group>";
		};
/* End PBXGroup section */

/* Begin PBXNativeTarget section */
		B0DD8F861AAD09A50086DEE4 /* Pitch Perfect */ = {
			isa = PBXNativeTarget;
			buildConfigurationList = B0DD8FA61AAD09A50086DEE4 /* Build configuration list for PBXNativeTarget "Pitch Perfect" */;
			buildPhases = (
				B0DD8F831AAD09A50086DEE4 /* Sources */,
				B0DD8F841AAD09A50086DEE4 /* Frameworks */,
				B0DD8F851AAD09A50086DEE4 /* Resources */,
			);
			buildRules = (
			);
			dependencies = (
			);
			name = "Pitch Perfect";
			productName = "Pitch Perfect";
			productReference = B0DD8F871AAD09A50086DEE4 /* Pitch Perfect.app */;
			productType = "com.apple.product-type.application";
		};
		B0DD8F9B1AAD09A50086DEE4 /* Pitch PerfectTests */ = {
			isa = PBXNativeTarget;
			buildConfigurationList = B0DD8FA91AAD09A50086DEE4 /* Build configuration list for PBXNativeTarget "Pitch PerfectTests" */;
			buildPhases = (
				B0DD8F981AAD09A50086DEE4 /* Sources */,
				B0DD8F991AAD09A50086DEE4 /* Frameworks */,
				B0DD8F9A1AAD09A50086DEE4 /* Resources */,
			);
			buildRules = (
			);
			dependencies = (
				B0DD8F9E1AAD09A50086DEE4 /* PBXTargetDependency */,
			);
			name = "Pitch PerfectTests";
			productName = "Pitch PerfectTests";
			productReference = B0DD8F9C1AAD09A50086DEE4 /* Pitch PerfectTests.xctest */;
			productType = "com.apple.product-type.bundle.unit-test";
		};
/* End PBXNativeTarget section */

/* Begin PBXProject section */
		B0DD8F7F1AAD09A50086DEE4 /* Project object */ = {
			isa = PBXProject;
			attributes = {
				LastUpgradeCheck = 0610;
				ORGANIZATIONNAME = "Steven O'Toole";
				TargetAttributes = {
					B0DD8F861AAD09A50086DEE4 = {
						CreatedOnToolsVersion = 6.1.1;
						DevelopmentTeam = M4776Z724S;
					};
					B0DD8F9B1AAD09A50086DEE4 = {
						CreatedOnToolsVersion = 6.1.1;
						TestTargetID = B0DD8F861AAD09A50086DEE4;
					};
				};
			};
			buildConfigurationList = B0DD8F821AAD09A50086DEE4 /* Build configuration list for PBXProject "Pitch Perfect" */;
			compatibilityVersion = "Xcode 3.2";
			developmentRegion = English;
			hasScannedForEncodings = 0;
			knownRegions = (
				en,
				Base,
			);
			mainGroup = B0DD8F7E1AAD09A50086DEE4;
			productRefGroup = B0DD8F881AAD09A50086DEE4 /* Products */;
			projectDirPath = "";
			projectRoot = "";
			targets = (
				B0DD8F861AAD09A50086DEE4 /* Pitch Perfect */,
				B0DD8F9B1AAD09A50086DEE4 /* Pitch PerfectTests */,
			);
		};
/* End PBXProject section */

/* Begin PBXResourcesBuildPhase section */
		B0DD8F851AAD09A50086DEE4 /* Resources */ = {
			isa = PBXResourcesBuildPhase;
			buildActionMask = 2147483647;
			files = (
				B0DD8F921AAD09A50086DEE4 /* Main.storyboard in Resources */,
				B0DD8F971AAD09A50086DEE4 /* LaunchScreen.xib in Resources */,
				B0DD8F941AAD09A50086DEE4 /* Images.xcassets in Resources */,
			);
			runOnlyForDeploymentPostprocessing = 0;
		};
		B0DD8F9A1AAD09A50086DEE4 /* Resources */ = {
			isa = PBXResourcesBuildPhase;
			buildActionMask = 2147483647;
			files = (
			);
			runOnlyForDeploymentPostprocessing = 0;
		};
/* End PBXResourcesBuildPhase section */

/* Begin PBXSourcesBuildPhase section */
		B0DD8F831AAD09A50086DEE4 /* Sources */ = {
			isa = PBXSourcesBuildPhase;
			buildActionMask = 2147483647;
			files = (
				B0D204E01AAFC1AD005BEE81 /* RecordedAudio.swift in Sources */,
				B0DD8F8F1AAD09A50086DEE4 /* RecordSoundsViewController.swift in Sources */,
				B0BA284B1AAE052F00220C1A /* PlaySoundsViewController.swift in Sources */,
				B0DD8F8D1AAD09A50086DEE4 /* AppDelegate.swift in Sources */,
			);
			runOnlyForDeploymentPostprocessing = 0;
		};
		B0DD8F981AAD09A50086DEE4 /* Sources */ = {
			isa = PBXSourcesBuildPhase;
			buildActionMask = 2147483647;
			files = (
				B0DD8FA31AAD09A50086DEE4 /* Pitch_PerfectTests.swift in Sources */,
			);
			runOnlyForDeploymentPostprocessing = 0;
		};
/* End PBXSourcesBuildPhase section */

/* Begin PBXTargetDependency section */
		B0DD8F9E1AAD09A50086DEE4 /* PBXTargetDependency */ = {
			isa = PBXTargetDependency;
			target = B0DD8F861AAD09A50086DEE4 /* Pitch Perfect */;
			targetProxy = B0DD8F9D1AAD09A50086DEE4 /* PBXContainerItemProxy */;
		};
/* End PBXTargetDependency section */

/* Begin PBXVariantGroup section */
		B0DD8F901AAD09A50086DEE4 /* Main.storyboard */ = {
			isa = PBXVariantGroup;
			children = (
				B0DD8F911AAD09A50086DEE4 /* Base */,
			);
			name = Main.storyboard;
			sourceTree = "<group>";
		};
		B0DD8F951AAD09A50086DEE4 /* LaunchScreen.xib */ = {
			isa = PBXVariantGroup;
			children = (
				B0DD8F961AAD09A50086DEE4 /* Base */,
			);
			name = LaunchScreen.xib;
			sourceTree = "<group>";
		};
/* End PBXVariantGroup section */

/* Begin XCBuildConfiguration section */
		B0DD8FA41AAD09A50086DEE4 /* Debug */ = {
			isa = XCBuildConfiguration;
			buildSettings = {
				ALWAYS_SEARCH_USER_PATHS = NO;
				CLANG_CXX_LANGUAGE_STANDARD = "gnu++0x";
				CLANG_CXX_LIBRARY = "libc++";
				CLANG_ENABLE_MODULES = YES;
				CLANG_ENABLE_OBJC_ARC = YES;
				CLANG_WARN_BOOL_CONVERSION = YES;
				CLANG_WARN_CONSTANT_CONVERSION = YES;
				CLANG_WARN_DIRECT_OBJC_ISA_USAGE = YES_ERROR;
				CLANG_WARN_EMPTY_BODY = YES;
				CLANG_WARN_ENUM_CONVERSION = YES;
				CLANG_WARN_INT_CONVERSION = YES;
				CLANG_WARN_OBJC_ROOT_CLASS = YES_ERROR;
				CLANG_WARN_UNREACHABLE_CODE = YES;
				CLANG_WARN__DUPLICATE_METHOD_MATCH = YES;
				"CODE_SIGN_IDENTITY[sdk=iphoneos*]" = "iPhone Developer";
				COPY_PHASE_STRIP = NO;
				ENABLE_STRICT_OBJC_MSGSEND = YES;
				GCC_C_LANGUAGE_STANDARD = gnu99;
				GCC_DYNAMIC_NO_PIC = NO;
				GCC_OPTIMIZATION_LEVEL = 0;
				GCC_PREPROCESSOR_DEFINITIONS = (
					"DEBUG=1",
					"$(inherited)",
				);
				GCC_SYMBOLS_PRIVATE_EXTERN = NO;
				GCC_WARN_64_TO_32_BIT_CONVERSION = YES;
				GCC_WARN_ABOUT_RETURN_TYPE = YES_ERROR;
				GCC_WARN_UNDECLARED_SELECTOR = YES;
				GCC_WARN_UNINITIALIZED_AUTOS = YES_AGGRESSIVE;
				GCC_WARN_UNUSED_FUNCTION = YES;
				GCC_WARN_UNUSED_VARIABLE = YES;
				IPHONEOS_DEPLOYMENT_TARGET = 8.1;
				MTL_ENABLE_DEBUG_INFO = YES;
				ONLY_ACTIVE_ARCH = YES;
				SDKROOT = iphoneos;
				SWIFT_OPTIMIZATION_LEVEL = "-Onone";
				TARGETED_DEVICE_FAMILY = "1,2";
			};
			name = Debug;
		};
		B0DD8FA51AAD09A50086DEE4 /* Release */ = {
			isa = XCBuildConfiguration;
			buildSettings = {
				ALWAYS_SEARCH_USER_PATHS = NO;
				CLANG_CXX_LANGUAGE_STANDARD = "gnu++0x";
				CLANG_CXX_LIBRARY = "libc++";
				CLANG_ENABLE_MODULES = YES;
				CLANG_ENABLE_OBJC_ARC = YES;
				CLANG_WARN_BOOL_CONVERSION = YES;
				CLANG_WARN_CONSTANT_CONVERSION = YES;
				CLANG_WARN_DIRECT_OBJC_ISA_USAGE = YES_ERROR;
				CLANG_WARN_EMPTY_BODY = YES;
				CLANG_WARN_ENUM_CONVERSION = YES;
				CLANG_WARN_INT_CONVERSION = YES;
				CLANG_WARN_OBJC_ROOT_CLASS = YES_ERROR;
				CLANG_WARN_UNREACHABLE_CODE = YES;
				CLANG_WARN__DUPLICATE_METHOD_MATCH = YES;
				"CODE_SIGN_IDENTITY[sdk=iphoneos*]" = "iPhone Developer";
				COPY_PHASE_STRIP = YES;
				ENABLE_NS_ASSERTIONS = NO;
				ENABLE_STRICT_OBJC_MSGSEND = YES;
				GCC_C_LANGUAGE_STANDARD = gnu99;
				GCC_WARN_64_TO_32_BIT_CONVERSION = YES;
				GCC_WARN_ABOUT_RETURN_TYPE = YES_ERROR;
				GCC_WARN_UNDECLARED_SELECTOR = YES;
				GCC_WARN_UNINITIALIZED_AUTOS = YES_AGGRESSIVE;
				GCC_WARN_UNUSED_FUNCTION = YES;
				GCC_WARN_UNUSED_VARIABLE = YES;
				IPHONEOS_DEPLOYMENT_TARGET = 8.1;
				MTL_ENABLE_DEBUG_INFO = NO;
				SDKROOT = iphoneos;
				TARGETED_DEVICE_FAMILY = "1,2";
				VALIDATE_PRODUCT = YES;
			};
			name = Release;
		};
		B0DD8FA71AAD09A50086DEE4 /* Debug */ = {
			isa = XCBuildConfiguration;
			buildSettings = {
				ASSETCATALOG_COMPILER_APPICON_NAME = AppIcon;
				INFOPLIST_FILE = "Pitch Perfect/Info.plist";
				LD_RUNPATH_SEARCH_PATHS = "$(inherited) @executable_path/Frameworks";
				PRODUCT_NAME = "$(TARGET_NAME)";
				TARGETED_DEVICE_FAMILY = 1;
			};
			name = Debug;
		};
		B0DD8FA81AAD09A50086DEE4 /* Release */ = {
			isa = XCBuildConfiguration;
			buildSettings = {
				ASSETCATALOG_COMPILER_APPICON_NAME = AppIcon;
				INFOPLIST_FILE = "Pitch Perfect/Info.plist";
				LD_RUNPATH_SEARCH_PATHS = "$(inherited) @executable_path/Frameworks";
				PRODUCT_NAME = "$(TARGET_NAME)";
				TARGETED_DEVICE_FAMILY = 1;
			};
			name = Release;
		};
		B0DD8FAA1AAD09A50086DEE4 /* Debug */ = {
			isa = XCBuildConfiguration;
			buildSettings = {
				BUNDLE_LOADER = "$(TEST_HOST)";
				FRAMEWORK_SEARCH_PATHS = (
					"$(SDKROOT)/Developer/Library/Frameworks",
					"$(inherited)",
				);
				GCC_PREPROCESSOR_DEFINITIONS = (
					"DEBUG=1",
					"$(inherited)",
				);
				INFOPLIST_FILE = "Pitch PerfectTests/Info.plist";
				LD_RUNPATH_SEARCH_PATHS = "$(inherited) @executable_path/Frameworks @loader_path/Frameworks";
				PRODUCT_NAME = "$(TARGET_NAME)";
				TEST_HOST = "$(BUILT_PRODUCTS_DIR)/Pitch Perfect.app/Pitch Perfect";
			};
			name = Debug;
		};
		B0DD8FAB1AAD09A50086DEE4 /* Release */ = {
			isa = XCBuildConfiguration;
			buildSettings = {
				BUNDLE_LOADER = "$(TEST_HOST)";
				FRAMEWORK_SEARCH_PATHS = (
					"$(SDKROOT)/Developer/Library/Frameworks",
					"$(inherited)",
				);
				INFOPLIST_FILE = "Pitch PerfectTests/Info.plist";
				LD_RUNPATH_SEARCH_PATHS = "$(inherited) @executable_path/Frameworks @loader_path/Frameworks";
				PRODUCT_NAME = "$(TARGET_NAME)";
				TEST_HOST = "$(BUILT_PRODUCTS_DIR)/Pitch Perfect.app/Pitch Perfect";
			};
			name = Release;
		};
/* End XCBuildConfiguration section */

/* Begin XCConfigurationList section */
		B0DD8F821AAD09A50086DEE4 /* Build configuration list for PBXProject "Pitch Perfect" */ = {
			isa = XCConfigurationList;
			buildConfigurations = (
				B0DD8FA41AAD09A50086DEE4 /* Debug */,
				B0DD8FA51AAD09A50086DEE4 /* Release */,
			);
			defaultConfigurationIsVisible = 0;
			defaultConfigurationName = Release;
		};
		B0DD8FA61AAD09A50086DEE4 /* Build configuration list for PBXNativeTarget "Pitch Perfect" */ = {
			isa = XCConfigurationList;
			buildConfigurations = (
				B0DD8FA71AAD09A50086DEE4 /* Debug */,
				B0DD8FA81AAD09A50086DEE4 /* Release */,
			);
			defaultConfigurationIsVisible = 0;
			defaultConfigurationName = Release;
		};
		B0DD8FA91AAD09A50086DEE4 /* Build configuration list for PBXNativeTarget "Pitch PerfectTests" */ = {
			isa = XCConfigurationList;
			buildConfigurations = (
				B0DD8FAA1AAD09A50086DEE4 /* Debug */,
				B0DD8FAB1AAD09A50086DEE4 /* Release */,
			);
			defaultConfigurationIsVisible = 0;
			defaultConfigurationName = Release;
		};
/* End XCConfigurationList section */
	};
	rootObject = B0DD8F7F1AAD09A50086DEE4 /* Project object */;
}
